{
  "version": 4,
  "terraform_version": "1.2.4",
  "serial": 27,
  "lineage": "bd24e0f8-6382-abc7-4fe6-308dc5d23761",
  "outputs": {},
  "resources": [
    {
      "mode": "managed",
      "type": "yandex_compute_instance",
      "name": "gitlab",
      "provider": "provider[\"registry.terraform.io/yandex-cloud/yandex\"]",
      "instances": [
        {
          "schema_version": 1,
          "attributes": {
            "allow_recreate": null,
            "allow_stopping_for_update": null,
            "boot_disk": [
              {
                "auto_delete": true,
                "device_name": "fhm6cdft63b3spqick4o",
                "disk_id": "fhm6cdft63b3spqick4o",
                "initialize_params": [
                  {
                    "block_size": 4096,
                    "description": "",
                    "image_id": "fd8fs0qmhjiiqc4t5h93",
                    "name": "",
                    "size": 50,
                    "snapshot_id": "",
                    "type": "network-hdd"
                  }
                ],
                "mode": "READ_WRITE"
              }
            ],
            "created_at": "2022-07-22T17:25:41Z",
            "description": "",
            "folder_id": "b1g07hlpu0o11uimfvpl",
            "fqdn": "gitlab.salimov",
            "hostname": "gitlab",
            "id": "fhmic3obc8n7ohpvtueb",
            "labels": null,
            "local_disk": [],
            "metadata": {
              "user-data": "#cloud-config\nusers:\n  - name: sm0ke\n    groups: sudo\n    shell: /bin/bash\n    sudo: ['ALL=(ALL) NOPASSWD:ALL']\n    ssh_authorized_keys:\n      - ssh-rsa AAAAB3NzaC1yc2EAAAADAQABAAABgQDV5ETdsie3OFAqRKhLYGN2nMEobXePQCrqlVuXOsABpzMr7mlq7trX1KgnLB848QhgEBa9jyTQYO0qD6Xy7TBEfbj7Gt42WnjHaIKlqqsA+qFhLvyl74p8KJMSNuVbJOVrFBGZ/oXM5cA67bUazOF3DplXR7TfyLOwS9zkYJf5gVU9m1EbGCIWWy/vUWuuyNRHnpLi5JEfmPQKq0fcf512eFb9VDzZs3hBFin/5vb6035rovQ+r0sy6e4jZ/6A04UwTYemALNhtA4TabBiMenGi4Fq/ZT0Wi5fu8LPnm5RxA2YO2WptyL0nbIOIdeCM3pVueJbTm8i4qsOKMqyoXauVWnHxBuvMjj4pdJmd/niu+uHD2L7vEYBD93TWyGxHGfYrlmH3QxxpAo6/yeXc7/Sv2n8Ns2ESJ1RoyfuNjpOYhuEcgbfkDYSG31mHkC8pkvvov3UDhs2Z5pNa36hTOS6VWOc/nfufF6gzvBjLPdxJx8eaQgnNlaTogRxfwbKztk= sm0ke@sm0ke-kali\n      "
            },
            "name": "gitlab",
            "network_acceleration_type": "standard",
            "network_interface": [
              {
                "dns_record": [],
                "index": 0,
                "ip_address": "10.128.0.25",
                "ipv4": true,
                "ipv6": false,
                "ipv6_address": "",
                "ipv6_dns_record": [],
                "mac_address": "d0:0d:12:60:f0:b6",
                "nat": true,
                "nat_dns_record": [],
                "nat_ip_address": "51.250.74.179",
                "nat_ip_version": "IPV4",
                "security_group_ids": [],
                "subnet_id": "e9bvh2o5i32heut34ais"
              }
            ],
            "placement_policy": [
              {
                "host_affinity_rules": [],
                "placement_group_id": ""
              }
            ],
            "platform_id": "standard-v1",
            "resources": [
              {
                "core_fraction": 100,
                "cores": 2,
                "gpus": 0,
                "memory": 6
              }
            ],
            "scheduling_policy": [
              {
                "preemptible": false
              }
            ],
            "secondary_disk": [],
            "service_account_id": "",
            "status": "running",
            "timeouts": null,
            "zone": "ru-central1-a"
          },
          "sensitive_attributes": [],
          "private": "eyJlMmJmYjczMC1lY2FhLTExZTYtOGY4OC0zNDM2M2JjN2M0YzAiOnsiY3JlYXRlIjozMDAwMDAwMDAwMDAsImRlbGV0ZSI6MzAwMDAwMDAwMDAwLCJ1cGRhdGUiOjMwMDAwMDAwMDAwMH0sInNjaGVtYV92ZXJzaW9uIjoiMSJ9"
        }
      ]
    },
    {
      "mode": "managed",
      "type": "yandex_compute_instance",
      "name": "runner",
      "provider": "provider[\"registry.terraform.io/yandex-cloud/yandex\"]",
      "instances": [
        {
          "schema_version": 1,
          "attributes": {
            "allow_recreate": null,
            "allow_stopping_for_update": null,
            "boot_disk": [
              {
                "auto_delete": true,
                "device_name": "fhmgtnbo2k52hchk0vhb",
                "disk_id": "fhmgtnbo2k52hchk0vhb",
                "initialize_params": [
                  {
                    "block_size": 4096,
                    "description": "",
                    "image_id": "fd8fs0qmhjiiqc4t5h93",
                    "name": "",
                    "size": 20,
                    "snapshot_id": "",
                    "type": "network-hdd"
                  }
                ],
                "mode": "READ_WRITE"
              }
            ],
            "created_at": "2022-07-22T17:25:41Z",
            "description": "",
            "folder_id": "b1g07hlpu0o11uimfvpl",
            "fqdn": "runner.salimov",
            "hostname": "runner",
            "id": "fhmp37rd9arv2fifrrr7",
            "labels": null,
            "local_disk": [],
            "metadata": {
              "user-data": "#cloud-config\nusers:\n  - name: sm0ke\n    groups: sudo\n    shell: /bin/bash\n    sudo: ['ALL=(ALL) NOPASSWD:ALL']\n    ssh_authorized_keys:\n      - ssh-rsa AAAAB3NzaC1yc2EAAAADAQABAAABgQDV5ETdsie3OFAqRKhLYGN2nMEobXePQCrqlVuXOsABpzMr7mlq7trX1KgnLB848QhgEBa9jyTQYO0qD6Xy7TBEfbj7Gt42WnjHaIKlqqsA+qFhLvyl74p8KJMSNuVbJOVrFBGZ/oXM5cA67bUazOF3DplXR7TfyLOwS9zkYJf5gVU9m1EbGCIWWy/vUWuuyNRHnpLi5JEfmPQKq0fcf512eFb9VDzZs3hBFin/5vb6035rovQ+r0sy6e4jZ/6A04UwTYemALNhtA4TabBiMenGi4Fq/ZT0Wi5fu8LPnm5RxA2YO2WptyL0nbIOIdeCM3pVueJbTm8i4qsOKMqyoXauVWnHxBuvMjj4pdJmd/niu+uHD2L7vEYBD93TWyGxHGfYrlmH3QxxpAo6/yeXc7/Sv2n8Ns2ESJ1RoyfuNjpOYhuEcgbfkDYSG31mHkC8pkvvov3UDhs2Z5pNa36hTOS6VWOc/nfufF6gzvBjLPdxJx8eaQgnNlaTogRxfwbKztk= sm0ke@sm0ke-kali\n      "
            },
            "name": "runner",
            "network_acceleration_type": "standard",
            "network_interface": [
              {
                "dns_record": [],
                "index": 0,
                "ip_address": "10.128.0.23",
                "ipv4": true,
                "ipv6": false,
                "ipv6_address": "",
                "ipv6_dns_record": [],
                "mac_address": "d0:0d:19:19:f6:d4",
                "nat": true,
                "nat_dns_record": [],
                "nat_ip_address": "51.250.80.225",
                "nat_ip_version": "IPV4",
                "security_group_ids": [],
                "subnet_id": "e9bvh2o5i32heut34ais"
              }
            ],
            "placement_policy": [
              {
                "host_affinity_rules": [],
                "placement_group_id": ""
              }
            ],
            "platform_id": "standard-v1",
            "resources": [
              {
                "core_fraction": 100,
                "cores": 2,
                "gpus": 0,
                "memory": 2
              }
            ],
            "scheduling_policy": [
              {
                "preemptible": false
              }
            ],
            "secondary_disk": [],
            "service_account_id": "",
            "status": "running",
            "timeouts": null,
            "zone": "ru-central1-a"
          },
          "sensitive_attributes": [],
          "private": "eyJlMmJmYjczMC1lY2FhLTExZTYtOGY4OC0zNDM2M2JjN2M0YzAiOnsiY3JlYXRlIjozMDAwMDAwMDAwMDAsImRlbGV0ZSI6MzAwMDAwMDAwMDAwLCJ1cGRhdGUiOjMwMDAwMDAwMDAwMH0sInNjaGVtYV92ZXJzaW9uIjoiMSJ9"
        }
      ]
    }
  ]
}
